{
  "name": "registration-form",
  "lockfileVersion": 2,
  "requires": true,
  "packages": {
    "": {
      "dependencies": {
        "tailwindcss-invalid-variant-plugin": "^1.0.3",
        "zxcvbn": "^4.4.2"
      }
    },
    "node_modules/tailwindcss-invalid-variant-plugin": {
      "version": "1.0.3",
      "resolved": "https://registry.npmjs.org/tailwindcss-invalid-variant-plugin/-/tailwindcss-invalid-variant-plugin-1.0.3.tgz",
      "integrity": "sha512-2ugQ/D/0nfV09vJcULfnZ5ivzztriA64R8+NkpxjIgo8K3a6Ruu+GB4FCwKYQPollf60WaMLmqmxgyYANXoZHw=="
    },
    "node_modules/zxcvbn": {
      "version": "4.4.2",
      "resolved": "https://registry.npmjs.org/zxcvbn/-/zxcvbn-4.4.2.tgz",
      "integrity": "sha512-Bq0B+ixT/DMyG8kgX2xWcI5jUvCwqrMxSFam7m0lAf78nf04hv6lNCsyLYdyYTrCVMqNDY/206K7eExYCeSyUQ=="
    }
  },
  "dependencies": {
    "tailwindcss-invalid-variant-plugin": {
      "version": "1.0.3",
      "resolved": "https://registry.npmjs.org/tailwindcss-invalid-variant-plugin/-/tailwindcss-invalid-variant-plugin-1.0.3.tgz",
      "integrity": "sha512-2ugQ/D/0nfV09vJcULfnZ5ivzztriA64R8+NkpxjIgo8K3a6Ruu+GB4FCwKYQPollf60WaMLmqmxgyYANXoZHw=="
    },
    "zxcvbn": {
      "version": "4.4.2",
      "resolved": "https://registry.npmjs.org/zxcvbn/-/zxcvbn-4.4.2.tgz",
      "integrity": "sha512-Bq0B+ixT/DMyG8kgX2xWcI5jUvCwqrMxSFam7m0lAf78nf04hv6lNCsyLYdyYTrCVMqNDY/206K7eExYCeSyUQ=="
    }
  }
}
